{
    "name": "@maynkudu/hooks",
    "version": "0.9.0",
    "lockfileVersion": 3,
    "requires": true,
    "packages": {
        "": {
            "name": "@maynkudu/hooks",
            "version": "0.9.0",
            "license": "MIT",
            "dependencies": {
                "effect": "^3.19.13"
            },
            "devDependencies": {
                "@effect/language-service": "^0.63.2",
                "@types/react": "^19.2.7"
            },
            "peerDependencies": {
                "react": ">=18"
            }
        },
        "node_modules/@effect/language-service": {
            "version": "0.63.2",
            "resolved": "https://registry.npmjs.org/@effect/language-service/-/language-service-0.63.2.tgz",
            "integrity": "sha512-/y33gKaZiG+kWKbs2kogmUAItFta5VVzBChdNCqzQ0E9SFfBf7TapwtN5OgTMNJMcyv41R4zaTGVM4Iqtv7hZQ==",
            "dev": true,
            "license": "MIT",
            "bin": {
                "effect-language-service": "cli.js"
            }
        },
        "node_modules/@standard-schema/spec": {
            "version": "1.1.0",
            "resolved": "https://registry.npmjs.org/@standard-schema/spec/-/spec-1.1.0.tgz",
            "integrity": "sha512-l2aFy5jALhniG5HgqrD6jXLi/rUWrKvqN/qJx6yoJsgKhblVd+iqqU4RCXavm/jPityDo5TCvKMnpjKnOriy0w==",
            "license": "MIT"
        },
        "node_modules/@types/react": {
            "version": "19.2.7",
            "resolved": "https://registry.npmjs.org/@types/react/-/react-19.2.7.tgz",
            "integrity": "sha512-MWtvHrGZLFttgeEj28VXHxpmwYbor/ATPYbBfSFZEIRK0ecCFLl2Qo55z52Hss+UV9CRN7trSeq1zbgx7YDWWg==",
            "dev": true,
            "license": "MIT",
            "dependencies": {
                "csstype": "^3.2.2"
            }
        },
        "node_modules/csstype": {
            "version": "3.2.3",
            "resolved": "https://registry.npmjs.org/csstype/-/csstype-3.2.3.tgz",
            "integrity": "sha512-z1HGKcYy2xA8AGQfwrn0PAy+PB7X/GSj3UVJW9qKyn43xWa+gl5nXmU4qqLMRzWVLFC8KusUX8T/0kCiOYpAIQ==",
            "dev": true,
            "license": "MIT"
        },
        "node_modules/effect": {
            "version": "3.19.13",
            "resolved": "https://registry.npmjs.org/effect/-/effect-3.19.13.tgz",
            "integrity": "sha512-8MZ783YuHRwHZX2Mmm+bpGxq+7XPd88sWwYAz2Ysry80sEKpftDZXs2Hg9ZyjESi1IBTNHF0oDKe0zJRkUlyew==",
            "license": "MIT",
            "dependencies": {
                "@standard-schema/spec": "^1.0.0",
                "fast-check": "^3.23.1"
            }
        },
        "node_modules/fast-check": {
            "version": "3.23.2",
            "resolved": "https://registry.npmjs.org/fast-check/-/fast-check-3.23.2.tgz",
            "integrity": "sha512-h5+1OzzfCC3Ef7VbtKdcv7zsstUQwUDlYpUTvjeUsJAssPgLn7QzbboPtL5ro04Mq0rPOsMzl7q5hIbRs2wD1A==",
            "funding": [
                {
                    "type": "individual",
                    "url": "https://github.com/sponsors/dubzzz"
                },
                {
                    "type": "opencollective",
                    "url": "https://opencollective.com/fast-check"
                }
            ],
            "license": "MIT",
            "dependencies": {
                "pure-rand": "^6.1.0"
            },
            "engines": {
                "node": ">=8.0.0"
            }
        },
        "node_modules/pure-rand": {
            "version": "6.1.0",
            "resolved": "https://registry.npmjs.org/pure-rand/-/pure-rand-6.1.0.tgz",
            "integrity": "sha512-bVWawvoZoBYpp6yIoQtQXHZjmz35RSVHnUOTefl8Vcjr8snTPY1wnpSPMWekcFwbxI6gtmT7rSYPFvz71ldiOA==",
            "funding": [
                {
                    "type": "individual",
                    "url": "https://github.com/sponsors/dubzzz"
                },
                {
                    "type": "opencollective",
                    "url": "https://opencollective.com/fast-check"
                }
            ],
            "license": "MIT"
        },
        "node_modules/react": {
            "version": "19.2.3",
            "resolved": "https://registry.npmjs.org/react/-/react-19.2.3.tgz",
            "integrity": "sha512-Ku/hhYbVjOQnXDZFv2+RibmLFGwFdeeKHFcOTlrt7xplBnya5OGn/hIRDsqDiSUcfORsDC7MPxwork8jBwsIWA==",
            "license": "MIT",
            "peer": true,
            "engines": {
                "node": ">=0.10.0"
            }
        }
    }
}
